
Microsoft Visual Studio Solution File, Format Version 12.00
# Visual Studio 15
VisualStudioVersion = 15.0.27004.2002
MinimumVisualStudioVersion = 10.0.40219.1
Project("{FAE04EC0-301F-11D3-BF4B-00C04F79EFBC}") = "ControleDePonto", "ControleDePonto\ControleDePonto.csproj", "{D974EF40-E153-4A01-8BF5-8FE9F3A0EF37}"
EndProject
Global
	GlobalSection(SolutionConfigurationPlatforms) = preSolution
		Debug|Any CPU = Debug|Any CPU
		Release|Any CPU = Release|Any CPU
	EndGlobalSection
	GlobalSection(ProjectConfigurationPlatforms) = postSolution
		{D974EF40-E153-4A01-8BF5-8FE9F3A0EF37}.Debug|Any CPU.ActiveCfg = Debug|Any CPU
		{D974EF40-E153-4A01-8BF5-8FE9F3A0EF37}.Debug|Any CPU.Build.0 = Debug|Any CPU
		{D974EF40-E153-4A01-8BF5-8FE9F3A0EF37}.Release|Any CPU.ActiveCfg = Release|Any CPU
		{D974EF40-E153-4A01-8BF5-8FE9F3A0EF37}.Release|Any CPU.Build.0 = Release|Any CPU
	EndGlobalSection
	GlobalSection(SolutionProperties) = preSolution
		HideSolutionNode = FALSE
	EndGlobalSection
	GlobalSection(ExtensibilityGlobals) = postSolution
		SolutionGuid = {12375381-078A-4ED7-A4D3-C8843CD21282}
	EndGlobalSection
EndGlobal
